// !$*UTF8*$!
{
	archiveVersion = 1;
	classes = {
	};
	objectVersion = 56;
	objects = {

/* Begin PBXBuildFile section */
		C0EAB54029D34EB700CF37CE /* AppDelegate.swift in Sources */ = {isa = PBXBuildFile; fileRef = C0EAB53F29D34EB700CF37CE /* AppDelegate.swift */; };
		C0EAB54229D34EB700CF37CE /* SceneDelegate.swift in Sources */ = {isa = PBXBuildFile; fileRef = C0EAB54129D34EB700CF37CE /* SceneDelegate.swift */; };
		C0EAB54429D34EB700CF37CE /* SessionsViewController.swift in Sources */ = {isa = PBXBuildFile; fileRef = C0EAB54329D34EB700CF37CE /* SessionsViewController.swift */; };
		C0EAB54729D34EB700CF37CE /* Main.storyboard in Resources */ = {isa = PBXBuildFile; fileRef = C0EAB54529D34EB700CF37CE /* Main.storyboard */; };
		C0EAB54A29D34EB700CF37CE /* Session.xcdatamodeld in Sources */ = {isa = PBXBuildFile; fileRef = C0EAB54829D34EB700CF37CE /* Session.xcdatamodeld */; };
		C0EAB54C29D34EB800CF37CE /* Assets.xcassets in Resources */ = {isa = PBXBuildFile; fileRef = C0EAB54B29D34EB800CF37CE /* Assets.xcassets */; };
		C0EAB54F29D34EB800CF37CE /* LaunchScreen.storyboard in Resources */ = {isa = PBXBuildFile; fileRef = C0EAB54D29D34EB800CF37CE /* LaunchScreen.storyboard */; };
		C0EAB55A29D4955C00CF37CE /* SessionCell.swift in Sources */ = {isa = PBXBuildFile; fileRef = C0EAB55829D4955C00CF37CE /* SessionCell.swift */; };
		C0EAB55D29D5F52700CF37CE /* Colors.swift in Sources */ = {isa = PBXBuildFile; fileRef = C0EAB55C29D5F52700CF37CE /* Colors.swift */; };
		C0EAB55F29D747CE00CF37CE /* SessionViewController.swift in Sources */ = {isa = PBXBuildFile; fileRef = C0EAB55E29D747CE00CF37CE /* SessionViewController.swift */; };
/* End PBXBuildFile section */

/* Begin PBXFileReference section */
		C0EAB53C29D34EB700CF37CE /* Session.app */ = {isa = PBXFileReference; explicitFileType = wrapper.application; includeInIndex = 0; path = Session.app; sourceTree = BUILT_PRODUCTS_DIR; };
		C0EAB53F29D34EB700CF37CE /* AppDelegate.swift */ = {isa = PBXFileReference; lastKnownFileType = sourcecode.swift; path = AppDelegate.swift; sourceTree = "<group>"; };
		C0EAB54129D34EB700CF37CE /* SceneDelegate.swift */ = {isa = PBXFileReference; lastKnownFileType = sourcecode.swift; path = SceneDelegate.swift; sourceTree = "<group>"; };
		C0EAB54329D34EB700CF37CE /* SessionsViewController.swift */ = {isa = PBXFileReference; lastKnownFileType = sourcecode.swift; path = SessionsViewController.swift; sourceTree = "<group>"; };
		C0EAB54629D34EB700CF37CE /* Base */ = {isa = PBXFileReference; lastKnownFileType = file.storyboard; name = Base; path = Base.lproj/Main.storyboard; sourceTree = "<group>"; };
		C0EAB54929D34EB700CF37CE /* Session.xcdatamodel */ = {isa = PBXFileReference; lastKnownFileType = wrapper.xcdatamodel; path = Session.xcdatamodel; sourceTree = "<group>"; };
		C0EAB54B29D34EB800CF37CE /* Assets.xcassets */ = {isa = PBXFileReference; lastKnownFileType = folder.assetcatalog; path = Assets.xcassets; sourceTree = "<group>"; };
		C0EAB54E29D34EB800CF37CE /* Base */ = {isa = PBXFileReference; lastKnownFileType = file.storyboard; name = Base; path = Base.lproj/LaunchScreen.storyboard; sourceTree = "<group>"; };
		C0EAB55029D34EB800CF37CE /* Info.plist */ = {isa = PBXFileReference; lastKnownFileType = text.plist.xml; path = Info.plist; sourceTree = "<group>"; };
		C0EAB55829D4955C00CF37CE /* SessionCell.swift */ = {isa = PBXFileReference; lastKnownFileType = sourcecode.swift; path = SessionCell.swift; sourceTree = "<group>"; };
		C0EAB55C29D5F52700CF37CE /* Colors.swift */ = {isa = PBXFileReference; lastKnownFileType = sourcecode.swift; path = Colors.swift; sourceTree = "<group>"; };
		C0EAB55E29D747CE00CF37CE /* SessionViewController.swift */ = {isa = PBXFileReference; lastKnownFileType = sourcecode.swift; path = SessionViewController.swift; sourceTree = "<group>"; };
/* End PBXFileReference section */

/* Begin PBXFrameworksBuildPhase section */
		C0EAB53929D34EB700CF37CE /* Frameworks */ = {
			isa = PBXFrameworksBuildPhase;
			buildActionMask = 2147483647;
			files = (
			);
			runOnlyForDeploymentPostprocessing = 0;
		};
/* End PBXFrameworksBuildPhase section */

/* Begin PBXGroup section */
		C0EAB53329D34EB700CF37CE = {
			isa = PBXGroup;
			children = (
				C0EAB53E29D34EB700CF37CE /* Session */,
				C0EAB53D29D34EB700CF37CE /* Products */,
			);
			sourceTree = "<group>";
		};
		C0EAB53D29D34EB700CF37CE /* Products */ = {
			isa = PBXGroup;
			children = (
				C0EAB53C29D34EB700CF37CE /* Session.app */,
			);
			name = Products;
			sourceTree = "<group>";
		};
		C0EAB53E29D34EB700CF37CE /* Session */ = {
			isa = PBXGroup;
			children = (
				C0EAB55729D4953200CF37CE /* Views */,
				C0EAB53F29D34EB700CF37CE /* AppDelegate.swift */,
				C0EAB54129D34EB700CF37CE /* SceneDelegate.swift */,
				C0EAB55629D34F2100CF37CE /* Controllers */,
				C0EAB54B29D34EB800CF37CE /* Assets.xcassets */,
				C0EAB54D29D34EB800CF37CE /* LaunchScreen.storyboard */,
				C0EAB55029D34EB800CF37CE /* Info.plist */,
				C0EAB54829D34EB700CF37CE /* Session.xcdatamodeld */,
				C0EAB55C29D5F52700CF37CE /* Colors.swift */,
			);
			path = Session;
			sourceTree = "<group>";
		};
		C0EAB55629D34F2100CF37CE /* Controllers */ = {
			isa = PBXGroup;
			children = (
				C0EAB54329D34EB700CF37CE /* SessionsViewController.swift */,
				C0EAB55E29D747CE00CF37CE /* SessionViewController.swift */,
			);
			path = Controllers;
			sourceTree = "<group>";
		};
		C0EAB55729D4953200CF37CE /* Views */ = {
			isa = PBXGroup;
			children = (
				C0EAB54529D34EB700CF37CE /* Main.storyboard */,
				C0EAB55829D4955C00CF37CE /* SessionCell.swift */,
			);
			path = Views;
			sourceTree = "<group>";
		};
/* End PBXGroup section */

/* Begin PBXNativeTarget section */
		C0EAB53B29D34EB700CF37CE /* Session */ = {
			isa = PBXNativeTarget;
			buildConfigurationList = C0EAB55329D34EB800CF37CE /* Build configuration list for PBXNativeTarget "Session" */;
			buildPhases = (
				C0EAB53829D34EB700CF37CE /* Sources */,
				C0EAB53929D34EB700CF37CE /* Frameworks */,
				C0EAB53A29D34EB700CF37CE /* Resources */,
			);
			buildRules = (
			);
			dependencies = (
			);
			name = Session;
			productName = Session;
			productReference = C0EAB53C29D34EB700CF37CE /* Session.app */;
			productType = "com.apple.product-type.application";
		};
/* End PBXNativeTarget section */

/* Begin PBXProject section */
		C0EAB53429D34EB700CF37CE /* Project object */ = {
			isa = PBXProject;
			attributes = {
				BuildIndependentTargetsInParallel = 1;
				LastSwiftUpdateCheck = 1420;
				LastUpgradeCheck = 1420;
				TargetAttributes = {
					C0EAB53B29D34EB700CF37CE = {
						CreatedOnToolsVersion = 14.2;
					};
				};
			};
			buildConfigurationList = C0EAB53729D34EB700CF37CE /* Build configuration list for PBXProject "Session" */;
			compatibilityVersion = "Xcode 14.0";
			developmentRegion = en;
			hasScannedForEncodings = 0;
			knownRegions = (
				en,
				Base,
			);
			mainGroup = C0EAB53329D34EB700CF37CE;
			productRefGroup = C0EAB53D29D34EB700CF37CE /* Products */;
			projectDirPath = "";
			projectRoot = "";
			targets = (
				C0EAB53B29D34EB700CF37CE /* Session */,
			);
		};
/* End PBXProject section */

/* Begin PBXResourcesBuildPhase section */
		C0EAB53A29D34EB700CF37CE /* Resources */ = {
			isa = PBXResourcesBuildPhase;
			buildActionMask = 2147483647;
			files = (
				C0EAB54F29D34EB800CF37CE /* LaunchScreen.storyboard in Resources */,
				C0EAB54C29D34EB800CF37CE /* Assets.xcassets in Resources */,
				C0EAB54729D34EB700CF37CE /* Main.storyboard in Resources */,
			);
			runOnlyForDeploymentPostprocessing = 0;
		};
/* End PBXResourcesBuildPhase section */

/* Begin PBXSourcesBuildPhase section */
		C0EAB53829D34EB700CF37CE /* Sources */ = {
			isa = PBXSourcesBuildPhase;
			buildActionMask = 2147483647;
			files = (
				C0EAB54A29D34EB700CF37CE /* Session.xcdatamodeld in Sources */,
				C0EAB55D29D5F52700CF37CE /* Colors.swift in Sources */,
				C0EAB54429D34EB700CF37CE /* SessionsViewController.swift in Sources */,
				C0EAB55A29D4955C00CF37CE /* SessionCell.swift in Sources */,
				C0EAB54029D34EB700CF37CE /* AppDelegate.swift in Sources */,
				C0EAB55F29D747CE00CF37CE /* SessionViewController.swift in Sources */,
				C0EAB54229D34EB700CF37CE /* SceneDelegate.swift in Sources */,
			);
			runOnlyForDeploymentPostprocessing = 0;
		};
/* End PBXSourcesBuildPhase section */

/* Begin PBXVariantGroup section */
		C0EAB54529D34EB700CF37CE /* Main.storyboard */ = {
			isa = PBXVariantGroup;
			children = (
				C0EAB54629D34EB700CF37CE /* Base */,
			);
			name = Main.storyboard;
			sourceTree = "<group>";
		};
		C0EAB54D29D34EB800CF37CE /* LaunchScreen.storyboard */ = {
			isa = PBXVariantGroup;
			children = (
				C0EAB54E29D34EB800CF37CE /* Base */,
			);
			name = LaunchScreen.storyboard;
			sourceTree = "<group>";
		};
/* End PBXVariantGroup section */

/* Begin XCBuildConfiguration section */
		C0EAB55129D34EB800CF37CE /* Debug */ = {
			isa = XCBuildConfiguration;
			buildSettings = {
				ALWAYS_SEARCH_USER_PATHS = NO;
				CLANG_ANALYZER_NONNULL = YES;
				CLANG_ANALYZER_NUMBER_OBJECT_CONVERSION = YES_AGGRESSIVE;
				CLANG_CXX_LANGUAGE_STANDARD = "gnu++20";
				CLANG_ENABLE_MODULES = YES;
				CLANG_ENABLE_OBJC_ARC = YES;
				CLANG_ENABLE_OBJC_WEAK = YES;
				CLANG_WARN_BLOCK_CAPTURE_AUTORELEASING = YES;
				CLANG_WARN_BOOL_CONVERSION = YES;
				CLANG_WARN_COMMA = YES;
				CLANG_WARN_CONSTANT_CONVERSION = YES;
				CLANG_WARN_DEPRECATED_OBJC_IMPLEMENTATIONS = YES;
				CLANG_WARN_DIRECT_OBJC_ISA_USAGE = YES_ERROR;
				CLANG_WARN_DOCUMENTATION_COMMENTS = YES;
				CLANG_WARN_EMPTY_BODY = YES;
				CLANG_WARN_ENUM_CONVERSION = YES;
				CLANG_WARN_INFINITE_RECURSION = YES;
				CLANG_WARN_INT_CONVERSION = YES;
				CLANG_WARN_NON_LITERAL_NULL_CONVERSION = YES;
				CLANG_WARN_OBJC_IMPLICIT_RETAIN_SELF = YES;
				CLANG_WARN_OBJC_LITERAL_CONVERSION = YES;
				CLANG_WARN_OBJC_ROOT_CLASS = YES_ERROR;
				CLANG_WARN_QUOTED_INCLUDE_IN_FRAMEWORK_HEADER = YES;
				CLANG_WARN_RANGE_LOOP_ANALYSIS = YES;
				CLANG_WARN_STRICT_PROTOTYPES = YES;
				CLANG_WARN_SUSPICIOUS_MOVE = YES;
				CLANG_WARN_UNGUARDED_AVAILABILITY = YES_AGGRESSIVE;
				CLANG_WARN_UNREACHABLE_CODE = YES;
				CLANG_WARN__DUPLICATE_METHOD_MATCH = YES;
				COPY_PHASE_STRIP = NO;
				DEBUG_INFORMATION_FORMAT = dwarf;
				ENABLE_STRICT_OBJC_MSGSEND = YES;
				ENABLE_TESTABILITY = YES;
				GCC_C_LANGUAGE_STANDARD = gnu11;
				GCC_DYNAMIC_NO_PIC = NO;
				GCC_NO_COMMON_BLOCKS = YES;
				GCC_OPTIMIZATION_LEVEL = 0;
				GCC_PREPROCESSOR_DEFINITIONS = (
					"DEBUG=1",
					"$(inherited)",
				);
				GCC_WARN_64_TO_32_BIT_CONVERSION = YES;
				GCC_WARN_ABOUT_RETURN_TYPE = YES_ERROR;
				GCC_WARN_UNDECLARED_SELECTOR = YES;
				GCC_WARN_UNINITIALIZED_AUTOS = YES_AGGRESSIVE;
				GCC_WARN_UNUSED_FUNCTION = YES;
				GCC_WARN_UNUSED_VARIABLE = YES;
				IPHONEOS_DEPLOYMENT_TARGET = 16.2;
				MTL_ENABLE_DEBUG_INFO = INCLUDE_SOURCE;
				MTL_FAST_MATH = YES;
				ONLY_ACTIVE_ARCH = YES;
				SDKROOT = iphoneos;
				SWIFT_ACTIVE_COMPILATION_CONDITIONS = DEBUG;
				SWIFT_OPTIMIZATION_LEVEL = "-Onone";
			};
			name = Debug;
		};
		C0EAB55229D34EB800CF37CE /* Release */ = {
			isa = XCBuildConfiguration;
			buildSettings = {
				ALWAYS_SEARCH_USER_PATHS = NO;
				CLANG_ANALYZER_NONNULL = YES;
				CLANG_ANALYZER_NUMBER_OBJECT_CONVERSION = YES_AGGRESSIVE;
				CLANG_CXX_LANGUAGE_STANDARD = "gnu++20";
				CLANG_ENABLE_MODULES = YES;
				CLANG_ENABLE_OBJC_ARC = YES;
				CLANG_ENABLE_OBJC_WEAK = YES;
				CLANG_WARN_BLOCK_CAPTURE_AUTORELEASING = YES;
				CLANG_WARN_BOOL_CONVERSION = YES;
				CLANG_WARN_COMMA = YES;
				CLANG_WARN_CONSTANT_CONVERSION = YES;
				CLANG_WARN_DEPRECATED_OBJC_IMPLEMENTATIONS = YES;
				CLANG_WARN_DIRECT_OBJC_ISA_USAGE = YES_ERROR;
				CLANG_WARN_DOCUMENTATION_COMMENTS = YES;
				CLANG_WARN_EMPTY_BODY = YES;
				CLANG_WARN_ENUM_CONVERSION = YES;
				CLANG_WARN_INFINITE_RECURSION = YES;
				CLANG_WARN_INT_CONVERSION = YES;
				CLANG_WARN_NON_LITERAL_NULL_CONVERSION = YES;
				CLANG_WARN_OBJC_IMPLICIT_RETAIN_SELF = YES;
				CLANG_WARN_OBJC_LITERAL_CONVERSION = YES;
				CLANG_WARN_OBJC_ROOT_CLASS = YES_ERROR;
				CLANG_WARN_QUOTED_INCLUDE_IN_FRAMEWORK_HEADER = YES;
				CLANG_WARN_RANGE_LOOP_ANALYSIS = YES;
				CLANG_WARN_STRICT_PROTOTYPES = YES;
				CLANG_WARN_SUSPICIOUS_MOVE = YES;
				CLANG_WARN_UNGUARDED_AVAILABILITY = YES_AGGRESSIVE;
				CLANG_WARN_UNREACHABLE_CODE = YES;
				CLANG_WARN__DUPLICATE_METHOD_MATCH = YES;
				COPY_PHASE_STRIP = NO;
				DEBUG_INFORMATION_FORMAT = "dwarf-with-dsym";
				ENABLE_NS_ASSERTIONS = NO;
				ENABLE_STRICT_OBJC_MSGSEND = YES;
				GCC_C_LANGUAGE_STANDARD = gnu11;
				GCC_NO_COMMON_BLOCKS = YES;
				GCC_WARN_64_TO_32_BIT_CONVERSION = YES;
				GCC_WARN_ABOUT_RETURN_TYPE = YES_ERROR;
				GCC_WARN_UNDECLARED_SELECTOR = YES;
				GCC_WARN_UNINITIALIZED_AUTOS = YES_AGGRESSIVE;
				GCC_WARN_UNUSED_FUNCTION = YES;
				GCC_WARN_UNUSED_VARIABLE = YES;
				IPHONEOS_DEPLOYMENT_TARGET = 16.2;
				MTL_ENABLE_DEBUG_INFO = NO;
				MTL_FAST_MATH = YES;
				SDKROOT = iphoneos;
				SWIFT_COMPILATION_MODE = wholemodule;
				SWIFT_OPTIMIZATION_LEVEL = "-O";
				VALIDATE_PRODUCT = YES;
			};
			name = Release;
		};
		C0EAB55429D34EB800CF37CE /* Debug */ = {
			isa = XCBuildConfiguration;
			buildSettings = {
				ASSETCATALOG_COMPILER_APPICON_NAME = AppIcon;
				ASSETCATALOG_COMPILER_GLOBAL_ACCENT_COLOR_NAME = AccentColor;
				CODE_SIGN_STYLE = Automatic;
				CURRENT_PROJECT_VERSION = 1;
				DEVELOPMENT_TEAM = 822D8Y7G66;
				GENERATE_INFOPLIST_FILE = YES;
				INFOPLIST_FILE = Session/Info.plist;
				INFOPLIST_KEY_LSApplicationCategoryType = "public.app-category.utilities";
				INFOPLIST_KEY_UIApplicationSupportsIndirectInputEvents = YES;
				INFOPLIST_KEY_UILaunchStoryboardName = LaunchScreen;
				INFOPLIST_KEY_UIMainStoryboardFile = Main;
				INFOPLIST_KEY_UIStatusBarStyle = "";
				INFOPLIST_KEY_UISupportedInterfaceOrientations = UIInterfaceOrientationPortrait;
				IPHONEOS_DEPLOYMENT_TARGET = 16.0;
				LD_RUNPATH_SEARCH_PATHS = (
					"$(inherited)",
					"@executable_path/Frameworks",
				);
				MARKETING_VERSION = 1.0;
				PRODUCT_BUNDLE_IDENTIFIER = com.mesiow.Session;
				PRODUCT_NAME = "$(TARGET_NAME)";
				SWIFT_EMIT_LOC_STRINGS = YES;
				SWIFT_VERSION = 5.0;
				TARGETED_DEVICE_FAMILY = "1,2";
			};
			name = Debug;
		};
		C0EAB55529D34EB800CF37CE /* Release */ = {
			isa = XCBuildConfiguration;
			buildSettings = {
				ASSETCATALOG_COMPILER_APPICON_NAME = AppIcon;
				ASSETCATALOG_COMPILER_GLOBAL_ACCENT_COLOR_NAME = AccentColor;
				CODE_SIGN_STYLE = Automatic;
				CURRENT_PROJECT_VERSION = 1;
				DEVELOPMENT_TEAM = 822D8Y7G66;
				GENERATE_INFOPLIST_FILE = YES;
				INFOPLIST_FILE = Session/Info.plist;
				INFOPLIST_KEY_LSApplicationCategoryType = "public.app-category.utilities";
				INFOPLIST_KEY_UIApplicationSupportsIndirectInputEvents = YES;
				INFOPLIST_KEY_UILaunchStoryboardName = LaunchScreen;
				INFOPLIST_KEY_UIMainStoryboardFile = Main;
				INFOPLIST_KEY_UIStatusBarStyle = "";
				INFOPLIST_KEY_UISupportedInterfaceOrientations = UIInterfaceOrientationPortrait;
				IPHONEOS_DEPLOYMENT_TARGET = 16.0;
				LD_RUNPATH_SEARCH_PATHS = (
					"$(inherited)",
					"@executable_path/Frameworks",
				);
				MARKETING_VERSION = 1.0;
				PRODUCT_BUNDLE_IDENTIFIER = com.mesiow.Session;
				PRODUCT_NAME = "$(TARGET_NAME)";
				SWIFT_EMIT_LOC_STRINGS = YES;
				SWIFT_VERSION = 5.0;
				TARGETED_DEVICE_FAMILY = "1,2";
			};
			name = Release;
		};
/* End XCBuildConfiguration section */

/* Begin XCConfigurationList section */
		C0EAB53729D34EB700CF37CE /* Build configuration list for PBXProject "Session" */ = {
			isa = XCConfigurationList;
			buildConfigurations = (
				C0EAB55129D34EB800CF37CE /* Debug */,
				C0EAB55229D34EB800CF37CE /* Release */,
			);
			defaultConfigurationIsVisible = 0;
			defaultConfigurationName = Release;
		};
		C0EAB55329D34EB800CF37CE /* Build configuration list for PBXNativeTarget "Session" */ = {
			isa = XCConfigurationList;
			buildConfigurations = (
				C0EAB55429D34EB800CF37CE /* Debug */,
				C0EAB55529D34EB800CF37CE /* Release */,
			);
			defaultConfigurationIsVisible = 0;
			defaultConfigurationName = Release;
		};
/* End XCConfigurationList section */

/* Begin XCVersionGroup section */
		C0EAB54829D34EB700CF37CE /* Session.xcdatamodeld */ = {
			isa = XCVersionGroup;
			children = (
				C0EAB54929D34EB700CF37CE /* Session.xcdatamodel */,
			);
			currentVersion = C0EAB54929D34EB700CF37CE /* Session.xcdatamodel */;
			path = Session.xcdatamodeld;
			sourceTree = "<group>";
			versionGroupType = wrapper.xcdatamodel;
		};
/* End XCVersionGroup section */
	};
	rootObject = C0EAB53429D34EB700CF37CE /* Project object */;
}
